# Generated by pub
# See http://pub.dartlang.org/doc/glossary.html#lockfile

{"packages":{"analyzer_experimental":{"version":"0.5.1","source":"hosted","description":"analyzer_experimental"},"args":{"version":"0.5.1","source":"hosted","description":"args"},"bot":{"version":"0.20.1","source":"hosted","description":"bot"},"bot_web":{"version":"0.20.1","source":"hosted","description":"bot_web"},"browser":{"version":"0.5.1","source":"hosted","description":"browser"},"csslib":{"version":"0.4.6+3","source":"hosted","description":"csslib"},"event_bus":{"version":"0.1.1","source":"hosted","description":"event_bus"},"html5lib":{"version":"0.4.3","source":"hosted","description":"html5lib"},"js":{"version":"0.0.22","source":"hosted","description":"js"},"logging":{"version":"0.5.1","source":"hosted","description":"logging"},"meta":{"version":"0.5.1","source":"hosted","description":"meta"},"pathos":{"version":"0.5.3","source":"hosted","description":"pathos"},"route":{"version":"0.4.5","source":"git","description":{"url":"https://github.com/dart-lang/route.git","ref":null,"resolved-ref":"34f24b51d09cb28809fddd8f85634d5902895062"}},"source_maps":{"version":"0.5.1","source":"hosted","description":"source_maps"},"unittest":{"version":"0.5.1","source":"hosted","description":"unittest"},"web_ui":{"version":"0.4.6+4","source":"hosted","description":"web_ui"},"widget":{"version":"0.2.5-dev","source":"git","description":{"url":"https://github.com/kevmoo/widget.dart.git","ref":null,"resolved-ref":"ca2324c9274d93607de13bd9e4124f02c83379e8"}}}}
