# Generated by pub
# See http://pub.dartlang.org/doc/glossary.html#lockfile

{"packages":{"analyzer_experimental":{"version":"0.5.9","source":"hosted","description":"analyzer_experimental"},"args":{"version":"0.5.9","source":"hosted","description":"args"},"bootjack":{"version":"0.5.2","source":"git","description":{"url":"git://github.com/rikulo/bootjack.git","ref":null,"resolved-ref":"3182a9305b687d2b854a9ec95bac158c7b136487"}},"browser":{"version":"0.5.9","source":"hosted","description":"browser"},"csslib":{"version":"0.4.7+1","source":"hosted","description":"csslib"},"dquery":{"version":"0.5.1","source":"hosted","description":"dquery"},"event_bus":{"version":"0.1.3","source":"hosted","description":"event_bus"},"html5lib":{"version":"0.4.3","source":"hosted","description":"html5lib"},"intl":{"version":"0.5.9","source":"hosted","description":"intl"},"js":{"version":"0.0.22","source":"hosted","description":"js"},"logging":{"version":"0.5.9","source":"hosted","description":"logging"},"logging_handlers":{"version":"0.5.0+3","source":"hosted","description":"logging_handlers"},"meta":{"version":"0.5.9","source":"hosted","description":"meta"},"pathos":{"version":"0.5.9","source":"hosted","description":"pathos"},"rikulo_commons":{"version":"0.7.4","source":"hosted","description":"rikulo_commons"},"route":{"version":"0.4.5","source":"git","description":{"url":"https://github.com/dart-lang/route.git","ref":null,"resolved-ref":"34f24b51d09cb28809fddd8f85634d5902895062"}},"source_maps":{"version":"0.5.9","source":"hosted","description":"source_maps"},"unittest":{"version":"0.5.9","source":"hosted","description":"unittest"},"web_ui":{"version":"0.4.8+3","source":"hosted","description":"web_ui"}}}
