# Generated by pub
# See http://pub.dartlang.org/doc/glossary.html#lockfile
packages:
  analyzer_experimental:
    description: analyzer_experimental
    source: hosted
    version: "0.8.1+2"
  args:
    description: args
    source: hosted
    version: "0.8.1"
  barback:
    description: barback
    source: hosted
    version: "0.8.1"
  bootjack:
    description: bootjack
    source: hosted
    version: "0.6.0+1"
  browser:
    description: browser
    source: hosted
    version: "0.8.1"
  csslib:
    description: csslib
    source: hosted
    version: "0.4.7+11"
  custom_element:
    description: custom_element
    source: hosted
    version: "0.8.1"
  dquery:
    description: dquery
    source: hosted
    version: "0.5.2"
  event_bus:
    description:
      ref: null
      resolved-ref: d5e9b7fbef27a30156cadfcfb7ea666bbdfc2e3f
      url: "https://github.com/marcojakob/dart-event-bus.git"
    source: git
    version: "0.2.3"
  html5_dnd:
    description:
      ref: null
      resolved-ref: "243db655dcbbaa739abd04e91aad751b3a168ac1"
      url: "https://github.com/marcojakob/dart-html5-dnd.git"
    source: git
    version: "0.3.4"
  html5lib:
    description: html5lib
    source: hosted
    version: "0.4.4"
  html_import:
    description: html_import
    source: hosted
    version: "0.8.1"
  intl:
    description: intl
    source: hosted
    version: "0.8.1"
  js:
    description: js
    source: hosted
    version: "0.0.25"
  logging:
    description: logging
    source: hosted
    version: "0.8.1"
  logging_handlers:
    description: logging_handlers
    source: hosted
    version: "0.5.0+3"
  mdv:
    description: mdv
    source: hosted
    version: "0.8.1"
  meta:
    description: meta
    source: hosted
    version: "0.8.1"
  mutation_observer:
    description: mutation_observer
    source: hosted
    version: "0.8.1"
  observe:
    description: observe
    source: hosted
    version: "0.8.1"
  path:
    description: path
    source: hosted
    version: "0.8.1"
  pathos:
    description: pathos
    source: hosted
    version: "0.6.3+1"
  polymer:
    description: polymer
    source: hosted
    version: "0.8.1+1"
  polymer_expressions:
    description: polymer_expressions
    source: hosted
    version: "0.8.1"
  rikulo_commons:
    description: rikulo_commons
    source: hosted
    version: "0.8.7"
  route:
    description:
      ref: null
      resolved-ref: e970830923d1e4c0e6b47613a4bbf4b88ef1d17a
      url: "https://github.com/dart-lang/route.git"
    source: git
    version: "0.4.5+1"
  shadow_dom:
    description: shadow_dom
    source: hosted
    version: "0.8.1"
  source_maps:
    description: source_maps
    source: hosted
    version: "0.8.1"
  stack_trace:
    description: stack_trace
    source: hosted
    version: "0.8.1"
  unittest:
    description: unittest
    source: hosted
    version: "0.8.1"
  unmodifiable_collection:
    description: unmodifiable_collection
    source: hosted
    version: "0.8.1"
  web_ui:
    description: web_ui
    source: hosted
    version: "0.4.22"
  yaml:
    description: yaml
    source: hosted
    version: "0.8.1"
