# Generated by pub
# See http://pub.dartlang.org/doc/glossary.html#lockfile
packages:
  analyzer_experimental:
    description: analyzer_experimental
    source: hosted
    version: "0.5.20"
  args:
    description: args
    source: hosted
    version: "0.5.20"
  bootjack:
    description: bootjack
    source: hosted
    version: "0.5.2"
  browser:
    description: browser
    source: hosted
    version: "0.5.20"
  csslib:
    description: csslib
    source: hosted
    version: "0.4.7+6"
  dquery:
    description: dquery
    source: hosted
    version: "0.5.1"
  event_bus:
    description: event_bus
    source: hosted
    version: "0.2.0"
  html5_dnd:
    description:
      ref: null
      resolved-ref: bffbc9d9781623ee7437ff3f9346710612c1ae83
      url: "https://github.com/marcojakob/dart-html5-dnd.git"
    source: git
    version: "0.3.0"
  html5lib:
    description: html5lib
    source: hosted
    version: "0.4.3"
  intl:
    description: intl
    source: hosted
    version: "0.5.20"
  js:
    description: js
    source: hosted
    version: "0.0.23"
  logging:
    description: logging
    source: hosted
    version: "0.5.13"
  logging_handlers:
    description: logging_handlers
    source: hosted
    version: "0.5.0+3"
  meta:
    description: meta
    source: hosted
    version: "0.5.13"
  pathos:
    description: pathos
    source: hosted
    version: "0.5.20"
  rikulo_commons:
    description: rikulo_commons
    source: hosted
    version: "0.7.8+1"
  route:
    description:
      ref: null
      resolved-ref: efa7cfa1d1362b41e027603e69889c6e9ba84f35
      url: "https://github.com/dart-lang/route.git"
    source: git
    version: "0.4.5"
  source_maps:
    description: source_maps
    source: hosted
    version: "0.5.20"
  unittest:
    description: unittest
    source: hosted
    version: "0.5.20"
  web_ui:
    description: web_ui
    source: hosted
    version: "0.4.12+2"
