# Generated by pub
# See http://pub.dartlang.org/doc/glossary.html#lockfile
packages:
  analyzer_experimental:
    description: analyzer_experimental
    source: hosted
    version: "0.5.20"
  args:
    description: args
    source: hosted
    version: "0.5.20"
  bootjack:
    description: bootjack
    source: hosted
    version: "0.5.2"
  browser:
    description: browser
    source: hosted
    version: "0.5.20"
  csslib:
    description: csslib
    source: hosted
    version: "0.4.7+7"
  dquery:
    description: dquery
    source: hosted
    version: "0.5.1"
  event_bus:
    description:
      ref: null
      resolved-ref: dee177e5b73cd152cedd252ffa544d4fb91cf883
      url: "https://github.com/marcojakob/dart-event-bus.git"
    source: git
    version: "0.2.1"
  html5_dnd:
    description:
      ref: null
      resolved-ref: dfc8d42e85df47620ad0f578e52b4682b04aa261
      url: "https://github.com/marcojakob/dart-html5-dnd.git"
    source: git
    version: "0.3.2"
  html5lib:
    description: html5lib
    source: hosted
    version: "0.4.3"
  intl:
    description: intl
    source: hosted
    version: "0.5.20"
  js:
    description: js
    source: hosted
    version: "0.0.23"
  logging:
    description: logging
    source: hosted
    version: "0.5.13"
  logging_handlers:
    description: logging_handlers
    source: hosted
    version: "0.5.0+3"
  meta:
    description: meta
    source: hosted
    version: "0.5.13"
  pathos:
    description: pathos
    source: hosted
    version: "0.5.20"
  rikulo_commons:
    description: rikulo_commons
    source: hosted
    version: "0.7.8+2"
  route:
    description:
      ref: null
      resolved-ref: b5d62bc4c3b5deff6602ff6f5dcdee720e652e5c
      url: "https://github.com/dart-lang/route.git"
    source: git
    version: "0.4.5+1"
  source_maps:
    description: source_maps
    source: hosted
    version: "0.5.20"
  unittest:
    description: unittest
    source: hosted
    version: "0.5.20"
  web_ui:
    description: web_ui
    source: hosted
    version: "0.4.13+2"
